{
  "name": "akkad",
  "version": "0.0.2",
  "lockfileVersion": 2,
  "requires": true,
  "packages": {
    "": {
      "name": "akkad",
      "version": "0.0.2",
      "license": "MIT",
      "devDependencies": {
        "@babylonjs/core": "^5.14.1",
        "@babylonjs/loaders": "^5.15.1",
        "babylonjs": "^5.14.1",
        "webpack-glsl-loader": "^1.0.1"
      }
    },
    "node_modules/@babylonjs/core": {
      "version": "5.14.1",
      "resolved": "https://registry.npmjs.org/@babylonjs/core/-/core-5.14.1.tgz",
      "integrity": "sha512-J+17eZ0F8DOLeyBk1JVT9RjKxJLRV/chtvfcya9SyJPweHDZgJ4SDGYldfxAmRIYuooJxwpOr3H4c+FLU29/NQ==",
      "dev": true,
      "dependencies": {
        "tslib": "^2.4.0"
      }
    },
    "node_modules/@babylonjs/loaders": {
      "version": "5.15.1",
      "resolved": "https://registry.npmjs.org/@babylonjs/loaders/-/loaders-5.15.1.tgz",
      "integrity": "sha512-J52lx5pq1pxorRhiLHbqX7WAsIsSQ/imHsFicNszPI2tqMc0deCjDi2hWkUtv1Wo0SQYcGjSgPKUBEZo9blnhw==",
      "dev": true,
      "dependencies": {
        "tslib": "^2.4.0"
      },
      "peerDependencies": {
        "@babylonjs/core": "^5.0.0",
        "babylonjs-gltf2interface": "^5.0.0"
      }
    },
    "node_modules/babylonjs": {
      "version": "5.14.1",
      "resolved": "https://registry.npmjs.org/babylonjs/-/babylonjs-5.14.1.tgz",
      "integrity": "sha512-nPxRwkkUBEzt/p4NyYz4uSBtIt7BCsZcyhYa14/1W1ylYDNS/gSzN8v4wgVuTgvpHdfWEntU2y0ZzdhlO+gQaw==",
      "dev": true,
      "hasInstallScript": true
    },
    "node_modules/babylonjs-gltf2interface": {
      "version": "5.15.1",
      "resolved": "https://registry.npmjs.org/babylonjs-gltf2interface/-/babylonjs-gltf2interface-5.15.1.tgz",
      "integrity": "sha512-bf4ZdZ8v84vlQ4LVOk5zPGhXgt3sFf/qMvLjnWQ10PxAe8cr5VkUvX/2eFj/R6IsnkvvFugGYT5cXeP3CAssxQ==",
      "dev": true,
      "peer": true
    },
    "node_modules/fs": {
      "version": "0.0.2",
      "resolved": "https://registry.npmjs.org/fs/-/fs-0.0.2.tgz",
      "integrity": "sha512-YAiVokMCrSIFZiroB1oz51hPiPRVcUtSa4x2U5RYXyhS9VAPdiFigKbPTnOSq7XY8wd3FIVPYmXpo5lMzFmxgg==",
      "dev": true
    },
    "node_modules/path": {
      "version": "0.11.14",
      "resolved": "https://registry.npmjs.org/path/-/path-0.11.14.tgz",
      "integrity": "sha512-CzEXTDgcEfa0yqMe+DJCSbEB5YCv4JZoic5xulBNFF2ifIMjNrTWbNSPNhgKfSo0MjneGIx9RLy4pCFuZPaMSQ==",
      "dev": true
    },
    "node_modules/tslib": {
      "version": "2.4.0",
      "resolved": "https://registry.npmjs.org/tslib/-/tslib-2.4.0.tgz",
      "integrity": "sha512-d6xOpEDfsi2CZVlPQzGeux8XMwLT9hssAsaPYExaQMuYskwb+x1x7J371tWlbBdWHroy99KnVB6qIkUbs5X3UQ==",
      "dev": true
    },
    "node_modules/webpack-glsl-loader": {
      "version": "1.0.1",
      "resolved": "https://registry.npmjs.org/webpack-glsl-loader/-/webpack-glsl-loader-1.0.1.tgz",
      "integrity": "sha512-bFtjj+sOGECMKQ+o8V4Y0TdrIxiua6ykVAncj5ccws8ezZBhhz+9wdrQqSgawm2IS3SPjoVaF7yxSAS8naNirg==",
      "dev": true,
      "dependencies": {
        "fs": "0.0.2",
        "path": "^0.11.14"
      }
    }
  },
  "dependencies": {
    "@babylonjs/core": {
      "version": "5.14.1",
      "resolved": "https://registry.npmjs.org/@babylonjs/core/-/core-5.14.1.tgz",
      "integrity": "sha512-J+17eZ0F8DOLeyBk1JVT9RjKxJLRV/chtvfcya9SyJPweHDZgJ4SDGYldfxAmRIYuooJxwpOr3H4c+FLU29/NQ==",
      "dev": true,
      "requires": {
        "tslib": "^2.4.0"
      }
    },
    "@babylonjs/loaders": {
      "version": "5.15.1",
      "resolved": "https://registry.npmjs.org/@babylonjs/loaders/-/loaders-5.15.1.tgz",
      "integrity": "sha512-J52lx5pq1pxorRhiLHbqX7WAsIsSQ/imHsFicNszPI2tqMc0deCjDi2hWkUtv1Wo0SQYcGjSgPKUBEZo9blnhw==",
      "dev": true,
      "requires": {
        "tslib": "^2.4.0"
      }
    },
    "babylonjs": {
      "version": "5.14.1",
      "resolved": "https://registry.npmjs.org/babylonjs/-/babylonjs-5.14.1.tgz",
      "integrity": "sha512-nPxRwkkUBEzt/p4NyYz4uSBtIt7BCsZcyhYa14/1W1ylYDNS/gSzN8v4wgVuTgvpHdfWEntU2y0ZzdhlO+gQaw==",
      "dev": true
    },
    "babylonjs-gltf2interface": {
      "version": "5.15.1",
      "resolved": "https://registry.npmjs.org/babylonjs-gltf2interface/-/babylonjs-gltf2interface-5.15.1.tgz",
      "integrity": "sha512-bf4ZdZ8v84vlQ4LVOk5zPGhXgt3sFf/qMvLjnWQ10PxAe8cr5VkUvX/2eFj/R6IsnkvvFugGYT5cXeP3CAssxQ==",
      "dev": true,
      "peer": true
    },
    "fs": {
      "version": "0.0.2",
      "resolved": "https://registry.npmjs.org/fs/-/fs-0.0.2.tgz",
      "integrity": "sha512-YAiVokMCrSIFZiroB1oz51hPiPRVcUtSa4x2U5RYXyhS9VAPdiFigKbPTnOSq7XY8wd3FIVPYmXpo5lMzFmxgg==",
      "dev": true
    },
    "path": {
      "version": "0.11.14",
      "resolved": "https://registry.npmjs.org/path/-/path-0.11.14.tgz",
      "integrity": "sha512-CzEXTDgcEfa0yqMe+DJCSbEB5YCv4JZoic5xulBNFF2ifIMjNrTWbNSPNhgKfSo0MjneGIx9RLy4pCFuZPaMSQ==",
      "dev": true
    },
    "tslib": {
      "version": "2.4.0",
      "resolved": "https://registry.npmjs.org/tslib/-/tslib-2.4.0.tgz",
      "integrity": "sha512-d6xOpEDfsi2CZVlPQzGeux8XMwLT9hssAsaPYExaQMuYskwb+x1x7J371tWlbBdWHroy99KnVB6qIkUbs5X3UQ==",
      "dev": true
    },
    "webpack-glsl-loader": {
      "version": "1.0.1",
      "resolved": "https://registry.npmjs.org/webpack-glsl-loader/-/webpack-glsl-loader-1.0.1.tgz",
      "integrity": "sha512-bFtjj+sOGECMKQ+o8V4Y0TdrIxiua6ykVAncj5ccws8ezZBhhz+9wdrQqSgawm2IS3SPjoVaF7yxSAS8naNirg==",
      "dev": true,
      "requires": {
        "fs": "0.0.2",
        "path": "^0.11.14"
      }
    }
  }
}
