{
  "name": "Akkad",
  "lockfileVersion": 2,
  "requires": true,
  "packages": {
    "": {
      "devDependencies": {
        "babylonjs": "^5.14.0"
      }
    },
    "node_modules/babylonjs": {
      "version": "5.14.0",
      "resolved": "https://registry.npmjs.org/babylonjs/-/babylonjs-5.14.0.tgz",
      "integrity": "sha512-MWlqhot/9J/kVkqMKfcjhs/ROajUh6+n0udTzaxXDcWRu07PcT5m7JaxB6Ewe+71NO8tn/u4Hxjy+0QV71Yt9Q==",
      "dev": true,
      "hasInstallScript": true
    }
  },
  "dependencies": {
    "babylonjs": {
      "version": "5.14.0",
      "resolved": "https://registry.npmjs.org/babylonjs/-/babylonjs-5.14.0.tgz",
      "integrity": "sha512-MWlqhot/9J/kVkqMKfcjhs/ROajUh6+n0udTzaxXDcWRu07PcT5m7JaxB6Ewe+71NO8tn/u4Hxjy+0QV71Yt9Q==",
      "dev": true
    }
  }
}
