{
  "name": "akkad",
  "version": "0.0.1",
  "lockfileVersion": 2,
  "requires": true,
  "packages": {
    "": {
      "name": "akkad",
      "version": "0.0.1",
      "license": "MIT",
      "devDependencies": {
        "@babylonjs/core": "^5.14.1",
        "babylonjs": "^5.14.1"
      }
    },
    "node_modules/@babylonjs/core": {
      "version": "5.14.1",
      "resolved": "https://registry.npmjs.org/@babylonjs/core/-/core-5.14.1.tgz",
      "integrity": "sha512-J+17eZ0F8DOLeyBk1JVT9RjKxJLRV/chtvfcya9SyJPweHDZgJ4SDGYldfxAmRIYuooJxwpOr3H4c+FLU29/NQ==",
      "dev": true,
      "dependencies": {
        "tslib": "^2.4.0"
      }
    },
    "node_modules/babylonjs": {
      "version": "5.14.1",
      "resolved": "https://registry.npmjs.org/babylonjs/-/babylonjs-5.14.1.tgz",
      "integrity": "sha512-nPxRwkkUBEzt/p4NyYz4uSBtIt7BCsZcyhYa14/1W1ylYDNS/gSzN8v4wgVuTgvpHdfWEntU2y0ZzdhlO+gQaw==",
      "dev": true,
      "hasInstallScript": true
    },
    "node_modules/tslib": {
      "version": "2.4.0",
      "resolved": "https://registry.npmjs.org/tslib/-/tslib-2.4.0.tgz",
      "integrity": "sha512-d6xOpEDfsi2CZVlPQzGeux8XMwLT9hssAsaPYExaQMuYskwb+x1x7J371tWlbBdWHroy99KnVB6qIkUbs5X3UQ==",
      "dev": true
    }
  },
  "dependencies": {
    "@babylonjs/core": {
      "version": "5.14.1",
      "resolved": "https://registry.npmjs.org/@babylonjs/core/-/core-5.14.1.tgz",
      "integrity": "sha512-J+17eZ0F8DOLeyBk1JVT9RjKxJLRV/chtvfcya9SyJPweHDZgJ4SDGYldfxAmRIYuooJxwpOr3H4c+FLU29/NQ==",
      "dev": true,
      "requires": {
        "tslib": "^2.4.0"
      }
    },
    "babylonjs": {
      "version": "5.14.1",
      "resolved": "https://registry.npmjs.org/babylonjs/-/babylonjs-5.14.1.tgz",
      "integrity": "sha512-nPxRwkkUBEzt/p4NyYz4uSBtIt7BCsZcyhYa14/1W1ylYDNS/gSzN8v4wgVuTgvpHdfWEntU2y0ZzdhlO+gQaw==",
      "dev": true
    },
    "tslib": {
      "version": "2.4.0",
      "resolved": "https://registry.npmjs.org/tslib/-/tslib-2.4.0.tgz",
      "integrity": "sha512-d6xOpEDfsi2CZVlPQzGeux8XMwLT9hssAsaPYExaQMuYskwb+x1x7J371tWlbBdWHroy99KnVB6qIkUbs5X3UQ==",
      "dev": true
    }
  }
}
